<Solution>
  <Project Path="AccountingApp.API/AccountingApp.API.csproj" />
  <Project Path="AccountingApp.Application/AccountingApp.Application.csproj" />
  <Project Path="AccountingApp.Domain/AccountingApp.Domain.csproj" />
  <Project Path="AccountingApp.Infrastructure/AccountingApp.Infrastructure.csproj" />
</Solution>
